
Microsoft Visual Studio Solution File, Format Version 12.00
# Visual Studio Version 17
VisualStudioVersion = 17.3.32811.315
MinimumVisualStudioVersion = 10.0.40219.1
Project("{FAE04EC0-301F-11D3-BF4B-00C04F79EFBC}") = "Core", "Core\Core.csproj", "{8090B402-3370-48FC-A846-57FECADA36D1}"
EndProject
Project("{FAE04EC0-301F-11D3-BF4B-00C04F79EFBC}") = "Infrastructure", "Infrastructure\Infrastructure.csproj", "{C4F5D05D-5462-4A0B-BF3F-B06A0BDBC19C}"
EndProject
Project("{FAE04EC0-301F-11D3-BF4B-00C04F79EFBC}") = "UnitTest", "UnitTest\UnitTest.csproj", "{16BBFB28-2E05-4D3D-B385-FCCF78F76F1F}"
EndProject
Global
	GlobalSection(SolutionConfigurationPlatforms) = preSolution
		Debug|Any CPU = Debug|Any CPU
		Release|Any CPU = Release|Any CPU
	EndGlobalSection
	GlobalSection(ProjectConfigurationPlatforms) = postSolution
		{8090B402-3370-48FC-A846-57FECADA36D1}.Debug|Any CPU.ActiveCfg = Debug|Any CPU
		{8090B402-3370-48FC-A846-57FECADA36D1}.Debug|Any CPU.Build.0 = Debug|Any CPU
		{8090B402-3370-48FC-A846-57FECADA36D1}.Release|Any CPU.ActiveCfg = Release|Any CPU
		{8090B402-3370-48FC-A846-57FECADA36D1}.Release|Any CPU.Build.0 = Release|Any CPU
		{C4F5D05D-5462-4A0B-BF3F-B06A0BDBC19C}.Debug|Any CPU.ActiveCfg = Debug|Any CPU
		{C4F5D05D-5462-4A0B-BF3F-B06A0BDBC19C}.Debug|Any CPU.Build.0 = Debug|Any CPU
		{C4F5D05D-5462-4A0B-BF3F-B06A0BDBC19C}.Release|Any CPU.ActiveCfg = Release|Any CPU
		{C4F5D05D-5462-4A0B-BF3F-B06A0BDBC19C}.Release|Any CPU.Build.0 = Release|Any CPU
		{16BBFB28-2E05-4D3D-B385-FCCF78F76F1F}.Debug|Any CPU.ActiveCfg = Debug|Any CPU
		{16BBFB28-2E05-4D3D-B385-FCCF78F76F1F}.Debug|Any CPU.Build.0 = Debug|Any CPU
		{16BBFB28-2E05-4D3D-B385-FCCF78F76F1F}.Release|Any CPU.ActiveCfg = Release|Any CPU
		{16BBFB28-2E05-4D3D-B385-FCCF78F76F1F}.Release|Any CPU.Build.0 = Release|Any CPU
	EndGlobalSection
	GlobalSection(SolutionProperties) = preSolution
		HideSolutionNode = FALSE
	EndGlobalSection
	GlobalSection(ExtensibilityGlobals) = postSolution
		SolutionGuid = {361F064F-E125-4E1A-B3FF-AB2967A519AF}
	EndGlobalSection
EndGlobal
